
Microsoft Visual Studio Solution File, Format Version 12.00
# Visual Studio Version 17
VisualStudioVersion = 17.11.35431.28
MinimumVisualStudioVersion = 10.0.40219.1
Project("{9A19103F-16F7-4668-BE54-9A1E7A4F7556}") = "RecipeRecAPI", "RecipeRecAPI\RecipeRecAPI.csproj", "{35933017-B53A-4405-8618-9CD1B7D6518E}"
EndProject
Project("{9A19103F-16F7-4668-BE54-9A1E7A4F7556}") = "RecipeRecWebApp", "RecipeRecWebApp\RecipeRecWebApp.csproj", "{35FCE220-54E4-4D80-B122-CDA9001A8AD7}"
EndProject
Project("{FAE04EC0-301F-11D3-BF4B-00C04F79EFBC}") = "Models", "Models\Models.csproj", "{EFA7010E-E70A-4EBC-AC35-5F5B7130F0DF}"
EndProject
Project("{FAE04EC0-301F-11D3-BF4B-00C04F79EFBC}") = "RecipeRec.AzureAiSearch", "RecipeRec.AzureAiSearch\RecipeRec.AzureAiSearch.csproj", "{88E7D355-26EF-485A-AC32-89A09D13C59B}"
EndProject
Project("{FAE04EC0-301F-11D3-BF4B-00C04F79EFBC}") = "RecipeRec.KernelOps", "RecipeRec.KernelOps\RecipeRec.KernelOps.csproj", "{DE5C8AC5-965D-4075-AFEC-0FA9902ED7EF}"
EndProject
Project("{FAE04EC0-301F-11D3-BF4B-00C04F79EFBC}") = "UploadRecipes", "UploadRecipes\UploadRecipes.csproj", "{880261A6-EF6D-41FF-A218-91E6E9491C9B}"
EndProject
Global
	GlobalSection(SolutionConfigurationPlatforms) = preSolution
		Debug|Any CPU = Debug|Any CPU
		Release|Any CPU = Release|Any CPU
	EndGlobalSection
	GlobalSection(ProjectConfigurationPlatforms) = postSolution
		{35933017-B53A-4405-8618-9CD1B7D6518E}.Debug|Any CPU.ActiveCfg = Debug|Any CPU
		{35933017-B53A-4405-8618-9CD1B7D6518E}.Debug|Any CPU.Build.0 = Debug|Any CPU
		{35933017-B53A-4405-8618-9CD1B7D6518E}.Release|Any CPU.ActiveCfg = Release|Any CPU
		{35933017-B53A-4405-8618-9CD1B7D6518E}.Release|Any CPU.Build.0 = Release|Any CPU
		{35FCE220-54E4-4D80-B122-CDA9001A8AD7}.Debug|Any CPU.ActiveCfg = Debug|Any CPU
		{35FCE220-54E4-4D80-B122-CDA9001A8AD7}.Debug|Any CPU.Build.0 = Debug|Any CPU
		{35FCE220-54E4-4D80-B122-CDA9001A8AD7}.Release|Any CPU.ActiveCfg = Release|Any CPU
		{35FCE220-54E4-4D80-B122-CDA9001A8AD7}.Release|Any CPU.Build.0 = Release|Any CPU
		{EFA7010E-E70A-4EBC-AC35-5F5B7130F0DF}.Debug|Any CPU.ActiveCfg = Debug|Any CPU
		{EFA7010E-E70A-4EBC-AC35-5F5B7130F0DF}.Debug|Any CPU.Build.0 = Debug|Any CPU
		{EFA7010E-E70A-4EBC-AC35-5F5B7130F0DF}.Release|Any CPU.ActiveCfg = Release|Any CPU
		{EFA7010E-E70A-4EBC-AC35-5F5B7130F0DF}.Release|Any CPU.Build.0 = Release|Any CPU
		{88E7D355-26EF-485A-AC32-89A09D13C59B}.Debug|Any CPU.ActiveCfg = Debug|Any CPU
		{88E7D355-26EF-485A-AC32-89A09D13C59B}.Debug|Any CPU.Build.0 = Debug|Any CPU
		{88E7D355-26EF-485A-AC32-89A09D13C59B}.Release|Any CPU.ActiveCfg = Release|Any CPU
		{88E7D355-26EF-485A-AC32-89A09D13C59B}.Release|Any CPU.Build.0 = Release|Any CPU
		{DE5C8AC5-965D-4075-AFEC-0FA9902ED7EF}.Debug|Any CPU.ActiveCfg = Debug|Any CPU
		{DE5C8AC5-965D-4075-AFEC-0FA9902ED7EF}.Debug|Any CPU.Build.0 = Debug|Any CPU
		{DE5C8AC5-965D-4075-AFEC-0FA9902ED7EF}.Release|Any CPU.ActiveCfg = Release|Any CPU
		{DE5C8AC5-965D-4075-AFEC-0FA9902ED7EF}.Release|Any CPU.Build.0 = Release|Any CPU
		{880261A6-EF6D-41FF-A218-91E6E9491C9B}.Debug|Any CPU.ActiveCfg = Debug|Any CPU
		{880261A6-EF6D-41FF-A218-91E6E9491C9B}.Debug|Any CPU.Build.0 = Debug|Any CPU
		{880261A6-EF6D-41FF-A218-91E6E9491C9B}.Release|Any CPU.ActiveCfg = Release|Any CPU
		{880261A6-EF6D-41FF-A218-91E6E9491C9B}.Release|Any CPU.Build.0 = Release|Any CPU
	EndGlobalSection
	GlobalSection(SolutionProperties) = preSolution
		HideSolutionNode = FALSE
	EndGlobalSection
	GlobalSection(ExtensibilityGlobals) = postSolution
		SolutionGuid = {65AE982D-3AC2-497D-BD58-081952208AFB}
	EndGlobalSection
EndGlobal
